
Microsoft Visual Studio Solution File, Format Version 12.00
# Visual Studio 14
VisualStudioVersion = 14.0.25123.0
MinimumVisualStudioVersion = 10.0.40219.1
Project("{2150E333-8FDC-42A3-9474-1A3956D46DE8}") = "Solution Items", "Solution Items", "{2481546E-04E8-43E7-BE23-B29461D6A240}"
	ProjectSection(SolutionItems) = preProject
		TheQ.DexiIo.Client\global.json = TheQ.DexiIo.Client\global.json
	EndProjectSection
EndProject
Project("{8BB2217D-0F2D-49D1-97BC-3654ED321F3B}") = "Client", "TheQ.DexiIo.Client\Client.xproj", "{AC534A1B-394C-44DB-884F-596EB53A298D}"
EndProject
Global
	GlobalSection(SolutionConfigurationPlatforms) = preSolution
		Debug|Any CPU = Debug|Any CPU
		Release|Any CPU = Release|Any CPU
	EndGlobalSection
	GlobalSection(ProjectConfigurationPlatforms) = postSolution
		{AC534A1B-394C-44DB-884F-596EB53A298D}.Debug|Any CPU.ActiveCfg = Debug|Any CPU
		{AC534A1B-394C-44DB-884F-596EB53A298D}.Debug|Any CPU.Build.0 = Debug|Any CPU
		{AC534A1B-394C-44DB-884F-596EB53A298D}.Release|Any CPU.ActiveCfg = Release|Any CPU
		{AC534A1B-394C-44DB-884F-596EB53A298D}.Release|Any CPU.Build.0 = Release|Any CPU
	EndGlobalSection
	GlobalSection(SolutionProperties) = preSolution
		HideSolutionNode = FALSE
	EndGlobalSection
EndGlobal
